
Microsoft Visual Studio Solution File, Format Version 12.00
# Visual Studio Version 16
VisualStudioVersion = 16.0.29519.181
MinimumVisualStudioVersion = 10.0.40219.1
Project("{2150E333-8FDC-42A3-9474-1A3956D46DE8}") = ".paket", ".paket", "{BCE01A0B-D249-49EE-9C3E-5AFD975FE2B6}"
	ProjectSection(SolutionItems) = preProject
		paket.dependencies = paket.dependencies
	EndProjectSection
EndProject
Project("{9A19103F-16F7-4668-BE54-9A1E7A4F7556}") = "web", "src\web\web.csproj", "{334C7294-FA14-48FD-B385-3D7F91748656}"
EndProject
Project("{FAE04EC0-301F-11D3-BF4B-00C04F79EFBC}") = "infrastructure", "src\infrastructure\infrastructure.csproj", "{76D88B63-7971-4A31-B4E0-C6313D45AD99}"
EndProject
Global
	GlobalSection(SolutionConfigurationPlatforms) = preSolution
		Debug|Any CPU = Debug|Any CPU
		Release|Any CPU = Release|Any CPU
	EndGlobalSection
	GlobalSection(ProjectConfigurationPlatforms) = postSolution
		{334C7294-FA14-48FD-B385-3D7F91748656}.Debug|Any CPU.ActiveCfg = Debug|Any CPU
		{334C7294-FA14-48FD-B385-3D7F91748656}.Debug|Any CPU.Build.0 = Debug|Any CPU
		{334C7294-FA14-48FD-B385-3D7F91748656}.Release|Any CPU.ActiveCfg = Release|Any CPU
		{334C7294-FA14-48FD-B385-3D7F91748656}.Release|Any CPU.Build.0 = Release|Any CPU
		{76D88B63-7971-4A31-B4E0-C6313D45AD99}.Debug|Any CPU.ActiveCfg = Debug|Any CPU
		{76D88B63-7971-4A31-B4E0-C6313D45AD99}.Debug|Any CPU.Build.0 = Debug|Any CPU
		{76D88B63-7971-4A31-B4E0-C6313D45AD99}.Release|Any CPU.ActiveCfg = Release|Any CPU
		{76D88B63-7971-4A31-B4E0-C6313D45AD99}.Release|Any CPU.Build.0 = Release|Any CPU
	EndGlobalSection
	GlobalSection(SolutionProperties) = preSolution
		HideSolutionNode = FALSE
	EndGlobalSection
	GlobalSection(ExtensibilityGlobals) = postSolution
		SolutionGuid = {8CC2A174-3CEC-47CD-857C-B69B9A92B305}
	EndGlobalSection
EndGlobal
